// !$*UTF8*$!
{
	archiveVersion = 1;
	classes = {
	};
	objectVersion = 56;
	objects = {

/* Begin PBXBuildFile section */
		DCB22C8C2B93C89400EE1A9E /* myDB.xcdatamodeld in Sources */ = {isa = PBXBuildFile; fileRef = DCB22C8A2B93C89400EE1A9E /* myDB.xcdatamodeld */; };
		DCB22C8E2B93CAE600EE1A9E /* PersistenceController.swift in Sources */ = {isa = PBXBuildFile; fileRef = DCB22C8D2B93CAE600EE1A9E /* PersistenceController.swift */; };
		DCB22C922B93CFF100EE1A9E /* CameraViewControllerRepresentable.swift in Sources */ = {isa = PBXBuildFile; fileRef = DCB22C912B93CFF100EE1A9E /* CameraViewControllerRepresentable.swift */; };
		DCD7224B2B92A1E400314870 /* AssessmentAppApp.swift in Sources */ = {isa = PBXBuildFile; fileRef = DCD7224A2B92A1E400314870 /* AssessmentAppApp.swift */; };
		DCD7224D2B92A1E400314870 /* ContentView.swift in Sources */ = {isa = PBXBuildFile; fileRef = DCD7224C2B92A1E400314870 /* ContentView.swift */; };
		DCD7224F2B92A1E600314870 /* Assets.xcassets in Resources */ = {isa = PBXBuildFile; fileRef = DCD7224E2B92A1E600314870 /* Assets.xcassets */; };
		DCD722522B92A1E600314870 /* Preview Assets.xcassets in Resources */ = {isa = PBXBuildFile; fileRef = DCD722512B92A1E600314870 /* Preview Assets.xcassets */; };
		DCD7225A2B92A2BA00314870 /* CameraViewController.swift in Sources */ = {isa = PBXBuildFile; fileRef = DCD722592B92A2BA00314870 /* CameraViewController.swift */; };
		DCD7225C2B92A2F900314870 /* CameraView.swift in Sources */ = {isa = PBXBuildFile; fileRef = DCD7225B2B92A2F900314870 /* CameraView.swift */; };
		DCD722602B92A59C00314870 /* ARViewContainer.swift in Sources */ = {isa = PBXBuildFile; fileRef = DCD7225F2B92A59C00314870 /* ARViewContainer.swift */; };
		DCD7226A2B93914600314870 /* Mustache.dae in Resources */ = {isa = PBXBuildFile; fileRef = DCD722692B93914600314870 /* Mustache.dae */; };
		DCD7226C2B93928800314870 /* Mustache.scn in Resources */ = {isa = PBXBuildFile; fileRef = DCD7226B2B93928800314870 /* Mustache.scn */; };
		DCD7226E2B93937200314870 /* Mustache.png in Resources */ = {isa = PBXBuildFile; fileRef = DCD7226D2B93937200314870 /* Mustache.png */; };
		DCD722722B93A0E500314870 /* ScreenRecorder.swift in Sources */ = {isa = PBXBuildFile; fileRef = DCD722712B93A0E500314870 /* ScreenRecorder.swift */; };
		DCDEB6C42B97EFD00086E7AB /* RecordingsView.swift in Sources */ = {isa = PBXBuildFile; fileRef = DCDEB6C32B97EFD00086E7AB /* RecordingsView.swift */; };
/* End PBXBuildFile section */

/* Begin PBXFileReference section */
		DCB22C8B2B93C89400EE1A9E /* myDB.xcdatamodel */ = {isa = PBXFileReference; lastKnownFileType = wrapper.xcdatamodel; path = myDB.xcdatamodel; sourceTree = "<group>"; };
		DCB22C8D2B93CAE600EE1A9E /* PersistenceController.swift */ = {isa = PBXFileReference; lastKnownFileType = sourcecode.swift; path = PersistenceController.swift; sourceTree = "<group>"; };
		DCB22C912B93CFF100EE1A9E /* CameraViewControllerRepresentable.swift */ = {isa = PBXFileReference; lastKnownFileType = sourcecode.swift; path = CameraViewControllerRepresentable.swift; sourceTree = "<group>"; };
		DCD722472B92A1E400314870 /* AssessmentApp.app */ = {isa = PBXFileReference; explicitFileType = wrapper.application; includeInIndex = 0; path = AssessmentApp.app; sourceTree = BUILT_PRODUCTS_DIR; };
		DCD7224A2B92A1E400314870 /* AssessmentAppApp.swift */ = {isa = PBXFileReference; lastKnownFileType = sourcecode.swift; path = AssessmentAppApp.swift; sourceTree = "<group>"; };
		DCD7224C2B92A1E400314870 /* ContentView.swift */ = {isa = PBXFileReference; lastKnownFileType = sourcecode.swift; path = ContentView.swift; sourceTree = "<group>"; };
		DCD7224E2B92A1E600314870 /* Assets.xcassets */ = {isa = PBXFileReference; lastKnownFileType = folder.assetcatalog; path = Assets.xcassets; sourceTree = "<group>"; };
		DCD722512B92A1E600314870 /* Preview Assets.xcassets */ = {isa = PBXFileReference; lastKnownFileType = folder.assetcatalog; path = "Preview Assets.xcassets"; sourceTree = "<group>"; };
		DCD722582B92A25500314870 /* Info.plist */ = {isa = PBXFileReference; lastKnownFileType = text.plist; path = Info.plist; sourceTree = "<group>"; };
		DCD722592B92A2BA00314870 /* CameraViewController.swift */ = {isa = PBXFileReference; lastKnownFileType = sourcecode.swift; path = CameraViewController.swift; sourceTree = "<group>"; };
		DCD7225B2B92A2F900314870 /* CameraView.swift */ = {isa = PBXFileReference; lastKnownFileType = sourcecode.swift; path = CameraView.swift; sourceTree = "<group>"; };
		DCD7225F2B92A59C00314870 /* ARViewContainer.swift */ = {isa = PBXFileReference; lastKnownFileType = sourcecode.swift; path = ARViewContainer.swift; sourceTree = "<group>"; };
		DCD722692B93914600314870 /* Mustache.dae */ = {isa = PBXFileReference; lastKnownFileType = text.xml.dae; path = Mustache.dae; sourceTree = "<group>"; };
		DCD7226B2B93928800314870 /* Mustache.scn */ = {isa = PBXFileReference; lastKnownFileType = file.bplist; path = Mustache.scn; sourceTree = "<group>"; };
		DCD7226D2B93937200314870 /* Mustache.png */ = {isa = PBXFileReference; lastKnownFileType = image.png; name = Mustache.png; path = ../../../mustache/source/Mustache_Stl/Mustache_Dae/Mustache.png; sourceTree = "<group>"; };
		DCD722712B93A0E500314870 /* ScreenRecorder.swift */ = {isa = PBXFileReference; lastKnownFileType = sourcecode.swift; path = ScreenRecorder.swift; sourceTree = "<group>"; };
		DCDEB6C32B97EFD00086E7AB /* RecordingsView.swift */ = {isa = PBXFileReference; lastKnownFileType = sourcecode.swift; path = RecordingsView.swift; sourceTree = "<group>"; };
/* End PBXFileReference section */

/* Begin PBXFrameworksBuildPhase section */
		DCD722442B92A1E400314870 /* Frameworks */ = {
			isa = PBXFrameworksBuildPhase;
			buildActionMask = 2147483647;
			files = (
			);
			runOnlyForDeploymentPostprocessing = 0;
		};
/* End PBXFrameworksBuildPhase section */

/* Begin PBXGroup section */
		DCD7223E2B92A1E400314870 = {
			isa = PBXGroup;
			children = (
				DCD722492B92A1E400314870 /* AssessmentApp */,
				DCD722482B92A1E400314870 /* Products */,
			);
			sourceTree = "<group>";
		};
		DCD722482B92A1E400314870 /* Products */ = {
			isa = PBXGroup;
			children = (
				DCD722472B92A1E400314870 /* AssessmentApp.app */,
			);
			name = Products;
			sourceTree = "<group>";
		};
		DCD722492B92A1E400314870 /* AssessmentApp */ = {
			isa = PBXGroup;
			children = (
				DCD722662B938E4B00314870 /* Objects */,
				DCD722582B92A25500314870 /* Info.plist */,
				DCD7224A2B92A1E400314870 /* AssessmentAppApp.swift */,
				DCD7225F2B92A59C00314870 /* ARViewContainer.swift */,
				DCD7225B2B92A2F900314870 /* CameraView.swift */,
				DCB22C8D2B93CAE600EE1A9E /* PersistenceController.swift */,
				DCD722712B93A0E500314870 /* ScreenRecorder.swift */,
				DCB22C912B93CFF100EE1A9E /* CameraViewControllerRepresentable.swift */,
				DCDEB6C32B97EFD00086E7AB /* RecordingsView.swift */,
				DCD722592B92A2BA00314870 /* CameraViewController.swift */,
				DCD7224C2B92A1E400314870 /* ContentView.swift */,
				DCD7224E2B92A1E600314870 /* Assets.xcassets */,
				DCD722502B92A1E600314870 /* Preview Content */,
				DCB22C8A2B93C89400EE1A9E /* myDB.xcdatamodeld */,
			);
			path = AssessmentApp;
			sourceTree = "<group>";
		};
		DCD722502B92A1E600314870 /* Preview Content */ = {
			isa = PBXGroup;
			children = (
				DCD722512B92A1E600314870 /* Preview Assets.xcassets */,
			);
			path = "Preview Content";
			sourceTree = "<group>";
		};
		DCD722662B938E4B00314870 /* Objects */ = {
			isa = PBXGroup;
			children = (
				DCD722692B93914600314870 /* Mustache.dae */,
				DCD7226D2B93937200314870 /* Mustache.png */,
				DCD7226B2B93928800314870 /* Mustache.scn */,
			);
			path = Objects;
			sourceTree = "<group>";
		};
/* End PBXGroup section */

/* Begin PBXNativeTarget section */
		DCD722462B92A1E400314870 /* AssessmentApp */ = {
			isa = PBXNativeTarget;
			buildConfigurationList = DCD722552B92A1E600314870 /* Build configuration list for PBXNativeTarget "AssessmentApp" */;
			buildPhases = (
				DCD722432B92A1E400314870 /* Sources */,
				DCD722442B92A1E400314870 /* Frameworks */,
				DCD722452B92A1E400314870 /* Resources */,
			);
			buildRules = (
			);
			dependencies = (
			);
			name = AssessmentApp;
			productName = AssessmentApp;
			productReference = DCD722472B92A1E400314870 /* AssessmentApp.app */;
			productType = "com.apple.product-type.application";
		};
/* End PBXNativeTarget section */

/* Begin PBXProject section */
		DCD7223F2B92A1E400314870 /* Project object */ = {
			isa = PBXProject;
			attributes = {
				BuildIndependentTargetsInParallel = 1;
				LastSwiftUpdateCheck = 1500;
				LastUpgradeCheck = 1500;
				TargetAttributes = {
					DCD722462B92A1E400314870 = {
						CreatedOnToolsVersion = 15.0;
					};
				};
			};
			buildConfigurationList = DCD722422B92A1E400314870 /* Build configuration list for PBXProject "AssessmentApp" */;
			compatibilityVersion = "Xcode 14.0";
			developmentRegion = en;
			hasScannedForEncodings = 0;
			knownRegions = (
				en,
				Base,
			);
			mainGroup = DCD7223E2B92A1E400314870;
			productRefGroup = DCD722482B92A1E400314870 /* Products */;
			projectDirPath = "";
			projectRoot = "";
			targets = (
				DCD722462B92A1E400314870 /* AssessmentApp */,
			);
		};
/* End PBXProject section */

/* Begin PBXResourcesBuildPhase section */
		DCD722452B92A1E400314870 /* Resources */ = {
			isa = PBXResourcesBuildPhase;
			buildActionMask = 2147483647;
			files = (
				DCD7226C2B93928800314870 /* Mustache.scn in Resources */,
				DCD7226A2B93914600314870 /* Mustache.dae in Resources */,
				DCD722522B92A1E600314870 /* Preview Assets.xcassets in Resources */,
				DCD7226E2B93937200314870 /* Mustache.png in Resources */,
				DCD7224F2B92A1E600314870 /* Assets.xcassets in Resources */,
			);
			runOnlyForDeploymentPostprocessing = 0;
		};
/* End PBXResourcesBuildPhase section */

/* Begin PBXSourcesBuildPhase section */
		DCD722432B92A1E400314870 /* Sources */ = {
			isa = PBXSourcesBuildPhase;
			buildActionMask = 2147483647;
			files = (
				DCDEB6C42B97EFD00086E7AB /* RecordingsView.swift in Sources */,
				DCD7224D2B92A1E400314870 /* ContentView.swift in Sources */,
				DCB22C8C2B93C89400EE1A9E /* myDB.xcdatamodeld in Sources */,
				DCD7224B2B92A1E400314870 /* AssessmentAppApp.swift in Sources */,
				DCD7225A2B92A2BA00314870 /* CameraViewController.swift in Sources */,
				DCD7225C2B92A2F900314870 /* CameraView.swift in Sources */,
				DCD722602B92A59C00314870 /* ARViewContainer.swift in Sources */,
				DCD722722B93A0E500314870 /* ScreenRecorder.swift in Sources */,
				DCB22C8E2B93CAE600EE1A9E /* PersistenceController.swift in Sources */,
				DCB22C922B93CFF100EE1A9E /* CameraViewControllerRepresentable.swift in Sources */,
			);
			runOnlyForDeploymentPostprocessing = 0;
		};
/* End PBXSourcesBuildPhase section */

/* Begin XCBuildConfiguration section */
		DCD722532B92A1E600314870 /* Debug */ = {
			isa = XCBuildConfiguration;
			buildSettings = {
				ALWAYS_SEARCH_USER_PATHS = NO;
				ASSETCATALOG_COMPILER_GENERATE_SWIFT_ASSET_SYMBOL_EXTENSIONS = YES;
				CLANG_ANALYZER_NONNULL = YES;
				CLANG_ANALYZER_NUMBER_OBJECT_CONVERSION = YES_AGGRESSIVE;
				CLANG_CXX_LANGUAGE_STANDARD = "gnu++20";
				CLANG_ENABLE_MODULES = YES;
				CLANG_ENABLE_OBJC_ARC = YES;
				CLANG_ENABLE_OBJC_WEAK = YES;
				CLANG_WARN_BLOCK_CAPTURE_AUTORELEASING = YES;
				CLANG_WARN_BOOL_CONVERSION = YES;
				CLANG_WARN_COMMA = YES;
				CLANG_WARN_CONSTANT_CONVERSION = YES;
				CLANG_WARN_DEPRECATED_OBJC_IMPLEMENTATIONS = YES;
				CLANG_WARN_DIRECT_OBJC_ISA_USAGE = YES_ERROR;
				CLANG_WARN_DOCUMENTATION_COMMENTS = YES;
				CLANG_WARN_EMPTY_BODY = YES;
				CLANG_WARN_ENUM_CONVERSION = YES;
				CLANG_WARN_INFINITE_RECURSION = YES;
				CLANG_WARN_INT_CONVERSION = YES;
				CLANG_WARN_NON_LITERAL_NULL_CONVERSION = YES;
				CLANG_WARN_OBJC_IMPLICIT_RETAIN_SELF = YES;
				CLANG_WARN_OBJC_LITERAL_CONVERSION = YES;
				CLANG_WARN_OBJC_ROOT_CLASS = YES_ERROR;
				CLANG_WARN_QUOTED_INCLUDE_IN_FRAMEWORK_HEADER = YES;
				CLANG_WARN_RANGE_LOOP_ANALYSIS = YES;
				CLANG_WARN_STRICT_PROTOTYPES = YES;
				CLANG_WARN_SUSPICIOUS_MOVE = YES;
				CLANG_WARN_UNGUARDED_AVAILABILITY = YES_AGGRESSIVE;
				CLANG_WARN_UNREACHABLE_CODE = YES;
				CLANG_WARN__DUPLICATE_METHOD_MATCH = YES;
				COPY_PHASE_STRIP = NO;
				DEBUG_INFORMATION_FORMAT = dwarf;
				ENABLE_STRICT_OBJC_MSGSEND = YES;
				ENABLE_TESTABILITY = YES;
				ENABLE_USER_SCRIPT_SANDBOXING = YES;
				GCC_C_LANGUAGE_STANDARD = gnu17;
				GCC_DYNAMIC_NO_PIC = NO;
				GCC_NO_COMMON_BLOCKS = YES;
				GCC_OPTIMIZATION_LEVEL = 0;
				GCC_PREPROCESSOR_DEFINITIONS = (
					"DEBUG=1",
					"$(inherited)",
				);
				GCC_WARN_64_TO_32_BIT_CONVERSION = YES;
				GCC_WARN_ABOUT_RETURN_TYPE = YES_ERROR;
				GCC_WARN_UNDECLARED_SELECTOR = YES;
				GCC_WARN_UNINITIALIZED_AUTOS = YES_AGGRESSIVE;
				GCC_WARN_UNUSED_FUNCTION = YES;
				GCC_WARN_UNUSED_VARIABLE = YES;
				IPHONEOS_DEPLOYMENT_TARGET = 17.0;
				LOCALIZATION_PREFERS_STRING_CATALOGS = YES;
				MTL_ENABLE_DEBUG_INFO = INCLUDE_SOURCE;
				MTL_FAST_MATH = YES;
				ONLY_ACTIVE_ARCH = YES;
				SDKROOT = iphoneos;
				SWIFT_ACTIVE_COMPILATION_CONDITIONS = "DEBUG $(inherited)";
				SWIFT_OPTIMIZATION_LEVEL = "-Onone";
			};
			name = Debug;
		};
		DCD722542B92A1E600314870 /* Release */ = {
			isa = XCBuildConfiguration;
			buildSettings = {
				ALWAYS_SEARCH_USER_PATHS = NO;
				ASSETCATALOG_COMPILER_GENERATE_SWIFT_ASSET_SYMBOL_EXTENSIONS = YES;
				CLANG_ANALYZER_NONNULL = YES;
				CLANG_ANALYZER_NUMBER_OBJECT_CONVERSION = YES_AGGRESSIVE;
				CLANG_CXX_LANGUAGE_STANDARD = "gnu++20";
				CLANG_ENABLE_MODULES = YES;
				CLANG_ENABLE_OBJC_ARC = YES;
				CLANG_ENABLE_OBJC_WEAK = YES;
				CLANG_WARN_BLOCK_CAPTURE_AUTORELEASING = YES;
				CLANG_WARN_BOOL_CONVERSION = YES;
				CLANG_WARN_COMMA = YES;
				CLANG_WARN_CONSTANT_CONVERSION = YES;
				CLANG_WARN_DEPRECATED_OBJC_IMPLEMENTATIONS = YES;
				CLANG_WARN_DIRECT_OBJC_ISA_USAGE = YES_ERROR;
				CLANG_WARN_DOCUMENTATION_COMMENTS = YES;
				CLANG_WARN_EMPTY_BODY = YES;
				CLANG_WARN_ENUM_CONVERSION = YES;
				CLANG_WARN_INFINITE_RECURSION = YES;
				CLANG_WARN_INT_CONVERSION = YES;
				CLANG_WARN_NON_LITERAL_NULL_CONVERSION = YES;
				CLANG_WARN_OBJC_IMPLICIT_RETAIN_SELF = YES;
				CLANG_WARN_OBJC_LITERAL_CONVERSION = YES;
				CLANG_WARN_OBJC_ROOT_CLASS = YES_ERROR;
				CLANG_WARN_QUOTED_INCLUDE_IN_FRAMEWORK_HEADER = YES;
				CLANG_WARN_RANGE_LOOP_ANALYSIS = YES;
				CLANG_WARN_STRICT_PROTOTYPES = YES;
				CLANG_WARN_SUSPICIOUS_MOVE = YES;
				CLANG_WARN_UNGUARDED_AVAILABILITY = YES_AGGRESSIVE;
				CLANG_WARN_UNREACHABLE_CODE = YES;
				CLANG_WARN__DUPLICATE_METHOD_MATCH = YES;
				COPY_PHASE_STRIP = NO;
				DEBUG_INFORMATION_FORMAT = "dwarf-with-dsym";
				ENABLE_NS_ASSERTIONS = NO;
				ENABLE_STRICT_OBJC_MSGSEND = YES;
				ENABLE_USER_SCRIPT_SANDBOXING = YES;
				GCC_C_LANGUAGE_STANDARD = gnu17;
				GCC_NO_COMMON_BLOCKS = YES;
				GCC_WARN_64_TO_32_BIT_CONVERSION = YES;
				GCC_WARN_ABOUT_RETURN_TYPE = YES_ERROR;
				GCC_WARN_UNDECLARED_SELECTOR = YES;
				GCC_WARN_UNINITIALIZED_AUTOS = YES_AGGRESSIVE;
				GCC_WARN_UNUSED_FUNCTION = YES;
				GCC_WARN_UNUSED_VARIABLE = YES;
				IPHONEOS_DEPLOYMENT_TARGET = 17.0;
				LOCALIZATION_PREFERS_STRING_CATALOGS = YES;
				MTL_ENABLE_DEBUG_INFO = NO;
				MTL_FAST_MATH = YES;
				SDKROOT = iphoneos;
				SWIFT_COMPILATION_MODE = wholemodule;
				VALIDATE_PRODUCT = YES;
			};
			name = Release;
		};
		DCD722562B92A1E600314870 /* Debug */ = {
			isa = XCBuildConfiguration;
			buildSettings = {
				ASSETCATALOG_COMPILER_APPICON_NAME = AppIcon;
				ASSETCATALOG_COMPILER_GLOBAL_ACCENT_COLOR_NAME = AccentColor;
				CODE_SIGN_STYLE = Automatic;
				CURRENT_PROJECT_VERSION = 1;
				DEVELOPMENT_ASSET_PATHS = "\"AssessmentApp/Preview Content\"";
				DEVELOPMENT_TEAM = 7M67Q83A6L;
				ENABLE_PREVIEWS = YES;
				GENERATE_INFOPLIST_FILE = YES;
				INFOPLIST_FILE = AssessmentApp/Info.plist;
				INFOPLIST_KEY_UIApplicationSceneManifest_Generation = YES;
				INFOPLIST_KEY_UIApplicationSupportsIndirectInputEvents = YES;
				INFOPLIST_KEY_UILaunchScreen_Generation = YES;
				INFOPLIST_KEY_UISupportedInterfaceOrientations_iPad = "UIInterfaceOrientationPortrait UIInterfaceOrientationPortraitUpsideDown UIInterfaceOrientationLandscapeLeft UIInterfaceOrientationLandscapeRight";
				INFOPLIST_KEY_UISupportedInterfaceOrientations_iPhone = "UIInterfaceOrientationPortrait UIInterfaceOrientationLandscapeLeft UIInterfaceOrientationLandscapeRight";
				LD_RUNPATH_SEARCH_PATHS = (
					"$(inherited)",
					"@executable_path/Frameworks",
				);
				MARKETING_VERSION = 1.0;
				PRODUCT_BUNDLE_IDENTIFIER = com.google.jenil.AssessmentApp;
				PRODUCT_NAME = "$(TARGET_NAME)";
				SWIFT_EMIT_LOC_STRINGS = YES;
				SWIFT_VERSION = 5.0;
				TARGETED_DEVICE_FAMILY = "1,2";
			};
			name = Debug;
		};
		DCD722572B92A1E600314870 /* Release */ = {
			isa = XCBuildConfiguration;
			buildSettings = {
				ASSETCATALOG_COMPILER_APPICON_NAME = AppIcon;
				ASSETCATALOG_COMPILER_GLOBAL_ACCENT_COLOR_NAME = AccentColor;
				CODE_SIGN_STYLE = Automatic;
				CURRENT_PROJECT_VERSION = 1;
				DEVELOPMENT_ASSET_PATHS = "\"AssessmentApp/Preview Content\"";
				DEVELOPMENT_TEAM = 7M67Q83A6L;
				ENABLE_PREVIEWS = YES;
				GENERATE_INFOPLIST_FILE = YES;
				INFOPLIST_FILE = AssessmentApp/Info.plist;
				INFOPLIST_KEY_UIApplicationSceneManifest_Generation = YES;
				INFOPLIST_KEY_UIApplicationSupportsIndirectInputEvents = YES;
				INFOPLIST_KEY_UILaunchScreen_Generation = YES;
				INFOPLIST_KEY_UISupportedInterfaceOrientations_iPad = "UIInterfaceOrientationPortrait UIInterfaceOrientationPortraitUpsideDown UIInterfaceOrientationLandscapeLeft UIInterfaceOrientationLandscapeRight";
				INFOPLIST_KEY_UISupportedInterfaceOrientations_iPhone = "UIInterfaceOrientationPortrait UIInterfaceOrientationLandscapeLeft UIInterfaceOrientationLandscapeRight";
				LD_RUNPATH_SEARCH_PATHS = (
					"$(inherited)",
					"@executable_path/Frameworks",
				);
				MARKETING_VERSION = 1.0;
				PRODUCT_BUNDLE_IDENTIFIER = com.google.jenil.AssessmentApp;
				PRODUCT_NAME = "$(TARGET_NAME)";
				SWIFT_EMIT_LOC_STRINGS = YES;
				SWIFT_VERSION = 5.0;
				TARGETED_DEVICE_FAMILY = "1,2";
			};
			name = Release;
		};
/* End XCBuildConfiguration section */

/* Begin XCConfigurationList section */
		DCD722422B92A1E400314870 /* Build configuration list for PBXProject "AssessmentApp" */ = {
			isa = XCConfigurationList;
			buildConfigurations = (
				DCD722532B92A1E600314870 /* Debug */,
				DCD722542B92A1E600314870 /* Release */,
			);
			defaultConfigurationIsVisible = 0;
			defaultConfigurationName = Release;
		};
		DCD722552B92A1E600314870 /* Build configuration list for PBXNativeTarget "AssessmentApp" */ = {
			isa = XCConfigurationList;
			buildConfigurations = (
				DCD722562B92A1E600314870 /* Debug */,
				DCD722572B92A1E600314870 /* Release */,
			);
			defaultConfigurationIsVisible = 0;
			defaultConfigurationName = Release;
		};
/* End XCConfigurationList section */

/* Begin XCVersionGroup section */
		DCB22C8A2B93C89400EE1A9E /* myDB.xcdatamodeld */ = {
			isa = XCVersionGroup;
			children = (
				DCB22C8B2B93C89400EE1A9E /* myDB.xcdatamodel */,
			);
			currentVersion = DCB22C8B2B93C89400EE1A9E /* myDB.xcdatamodel */;
			path = myDB.xcdatamodeld;
			sourceTree = "<group>";
			versionGroupType = wrapper.xcdatamodel;
		};
/* End XCVersionGroup section */
	};
	rootObject = DCD7223F2B92A1E400314870 /* Project object */;
}
